// !$*UTF8*$!
{
	archiveVersion = 1;
	classes = {
	};
	objectVersion = 48;
	objects = {

/* Begin PBXBuildFile section */
		983A0915201AB89900AEF743 /* UIScrollView+KafkaConfiguration.m in Sources */ = {isa = PBXBuildFile; fileRef = 983A08E5201AB89900AEF743 /* UIScrollView+KafkaConfiguration.m */; };
		983A0916201AB89900AEF743 /* KafkaFootRefreshControl.m in Sources */ = {isa = PBXBuildFile; fileRef = 983A08E8201AB89900AEF743 /* KafkaFootRefreshControl.m */; };
		983A0917201AB89900AEF743 /* KafkaHeadRefreshControl.m in Sources */ = {isa = PBXBuildFile; fileRef = 983A08EA201AB89900AEF743 /* KafkaHeadRefreshControl.m */; };
		983A0918201AB89900AEF743 /* KafkaRefreshControl.m in Sources */ = {isa = PBXBuildFile; fileRef = 983A08EC201AB89900AEF743 /* KafkaRefreshControl.m */; };
		983A0919201AB89900AEF743 /* UIScrollView+KafkaRefreshControl.m in Sources */ = {isa = PBXBuildFile; fileRef = 983A08EF201AB89900AEF743 /* UIScrollView+KafkaRefreshControl.m */; };
		983A091A201AB89900AEF743 /* KafkaRefreshDefaults.m in Sources */ = {isa = PBXBuildFile; fileRef = 983A08F2201AB89900AEF743 /* KafkaRefreshDefaults.m */; };
		983A091B201AB89900AEF743 /* Image.bundle in Resources */ = {isa = PBXBuildFile; fileRef = 983A08F5201AB89900AEF743 /* Image.bundle */; };
		983A091C201AB89900AEF743 /* KafkaArrowFooter.m in Sources */ = {isa = PBXBuildFile; fileRef = 983A08FB201AB89900AEF743 /* KafkaArrowFooter.m */; };
		983A091D201AB89900AEF743 /* KafkaNativeFooter.m in Sources */ = {isa = PBXBuildFile; fileRef = 983A08FD201AB89900AEF743 /* KafkaNativeFooter.m */; };
		983A091E201AB89900AEF743 /* KafkaReplicatorFooter.m in Sources */ = {isa = PBXBuildFile; fileRef = 983A08FF201AB89900AEF743 /* KafkaReplicatorFooter.m */; };
		983A091F201AB89900AEF743 /* KafkaRingIndicatorFooter.m in Sources */ = {isa = PBXBuildFile; fileRef = 983A0901201AB89900AEF743 /* KafkaRingIndicatorFooter.m */; };
		983A0920201AB89900AEF743 /* KafkaArrowHeader.m in Sources */ = {isa = PBXBuildFile; fileRef = 983A0904201AB89900AEF743 /* KafkaArrowHeader.m */; };
		983A0921201AB89900AEF743 /* KafkaNativeHeader.m in Sources */ = {isa = PBXBuildFile; fileRef = 983A0906201AB89900AEF743 /* KafkaNativeHeader.m */; };
		983A0922201AB89900AEF743 /* KafkaReplicatorHeader.m in Sources */ = {isa = PBXBuildFile; fileRef = 983A0908201AB89900AEF743 /* KafkaReplicatorHeader.m */; };
		983A0923201AB89900AEF743 /* KafkaRingIndicatorHeader.m in Sources */ = {isa = PBXBuildFile; fileRef = 983A090A201AB89900AEF743 /* KafkaRingIndicatorHeader.m */; };
		983A0924201AB89900AEF743 /* KafkaArcLayer.m in Sources */ = {isa = PBXBuildFile; fileRef = 983A090E201AB89900AEF743 /* KafkaArcLayer.m */; };
		983A0925201AB89900AEF743 /* KafkaReplicatorLayer.m in Sources */ = {isa = PBXBuildFile; fileRef = 983A0910201AB89900AEF743 /* KafkaReplicatorLayer.m */; };
		986ADD6A1FEF6DA8006575E7 /* KafkaMainListController.m in Sources */ = {isa = PBXBuildFile; fileRef = 986ADD691FEF6DA8006575E7 /* KafkaMainListController.m */; };
		986ADD991FF60DBB006575E7 /* KafkaTableViewController.m in Sources */ = {isa = PBXBuildFile; fileRef = 986ADD971FF60DBB006575E7 /* KafkaTableViewController.m */; };
		986ADD9E1FF60DDC006575E7 /* KafkaCollectionViewController.m in Sources */ = {isa = PBXBuildFile; fileRef = 986ADD9C1FF60DDC006575E7 /* KafkaCollectionViewController.m */; };
		98766F411FFC68DB00CC3DD0 /* KafkaCustomTableViewController.m in Sources */ = {isa = PBXBuildFile; fileRef = 98766F401FFC68DB00CC3DD0 /* KafkaCustomTableViewController.m */; };
		98A9850D20246633000FD3E8 /* InfoPlist.strings in Resources */ = {isa = PBXBuildFile; fileRef = 98A9850F20246633000FD3E8 /* InfoPlist.strings */; };
		98C2F86A1FEF6AB50039C749 /* KafkaAppDelegate.m in Sources */ = {isa = PBXBuildFile; fileRef = 98C2F8691FEF6AB50039C749 /* KafkaAppDelegate.m */; };
		98C2F8701FEF6AB50039C749 /* Main.storyboard in Resources */ = {isa = PBXBuildFile; fileRef = 98C2F86E1FEF6AB50039C749 /* Main.storyboard */; };
		98C2F8721FEF6AB50039C749 /* Assets.xcassets in Resources */ = {isa = PBXBuildFile; fileRef = 98C2F8711FEF6AB50039C749 /* Assets.xcassets */; };
		98C2F8781FEF6AB50039C749 /* main.m in Sources */ = {isa = PBXBuildFile; fileRef = 98C2F8771FEF6AB50039C749 /* main.m */; };
		98D2C0AA2005F65000F1532F /* KafkaExampleUITests.m in Sources */ = {isa = PBXBuildFile; fileRef = 98D2C0A92005F65000F1532F /* KafkaExampleUITests.m */; };
		98D2C0B82005F67400F1532F /* KafkaExampleTests.m in Sources */ = {isa = PBXBuildFile; fileRef = 98D2C0B72005F67400F1532F /* KafkaExampleTests.m */; };
		B946B97320E67F4C00481872 /* KafkaCategories.m in Sources */ = {isa = PBXBuildFile; fileRef = B946B97220E67F4C00481872 /* KafkaCategories.m */; };
		B97F4C3B227C5D17004C6A71 /* KafkaScrollViewController.m in Sources */ = {isa = PBXBuildFile; fileRef = B97F4C3A227C5D17004C6A71 /* KafkaScrollViewController.m */; };
/* End PBXBuildFile section */

/* Begin PBXContainerItemProxy section */
		98D2C0AC2005F65000F1532F /* PBXContainerItemProxy */ = {
			isa = PBXContainerItemProxy;
			containerPortal = 98C2F85D1FEF6AB50039C749 /* Project object */;
			proxyType = 1;
			remoteGlobalIDString = 98C2F8641FEF6AB50039C749;
			remoteInfo = KafkaExample;
		};
		98D2C0BA2005F67400F1532F /* PBXContainerItemProxy */ = {
			isa = PBXContainerItemProxy;
			containerPortal = 98C2F85D1FEF6AB50039C749 /* Project object */;
			proxyType = 1;
			remoteGlobalIDString = 98C2F8641FEF6AB50039C749;
			remoteInfo = KafkaExample;
		};
/* End PBXContainerItemProxy section */

/* Begin PBXFileReference section */
		983A08E4201AB89900AEF743 /* UIScrollView+KafkaConfiguration.h */ = {isa = PBXFileReference; fileEncoding = 4; lastKnownFileType = sourcecode.c.h; path = "UIScrollView+KafkaConfiguration.h"; sourceTree = "<group>"; };
		983A08E5201AB89900AEF743 /* UIScrollView+KafkaConfiguration.m */ = {isa = PBXFileReference; fileEncoding = 4; lastKnownFileType = sourcecode.c.objc; path = "UIScrollView+KafkaConfiguration.m"; sourceTree = "<group>"; };
		983A08E7201AB89900AEF743 /* KafkaFootRefreshControl.h */ = {isa = PBXFileReference; fileEncoding = 4; lastKnownFileType = sourcecode.c.h; path = KafkaFootRefreshControl.h; sourceTree = "<group>"; };
		983A08E8201AB89900AEF743 /* KafkaFootRefreshControl.m */ = {isa = PBXFileReference; fileEncoding = 4; lastKnownFileType = sourcecode.c.objc; path = KafkaFootRefreshControl.m; sourceTree = "<group>"; };
		983A08E9201AB89900AEF743 /* KafkaHeadRefreshControl.h */ = {isa = PBXFileReference; fileEncoding = 4; lastKnownFileType = sourcecode.c.h; path = KafkaHeadRefreshControl.h; sourceTree = "<group>"; };
		983A08EA201AB89900AEF743 /* KafkaHeadRefreshControl.m */ = {isa = PBXFileReference; fileEncoding = 4; lastKnownFileType = sourcecode.c.objc; path = KafkaHeadRefreshControl.m; sourceTree = "<group>"; };
		983A08EB201AB89900AEF743 /* KafkaRefreshControl.h */ = {isa = PBXFileReference; fileEncoding = 4; lastKnownFileType = sourcecode.c.h; path = KafkaRefreshControl.h; sourceTree = "<group>"; };
		983A08EC201AB89900AEF743 /* KafkaRefreshControl.m */ = {isa = PBXFileReference; fileEncoding = 4; lastKnownFileType = sourcecode.c.objc; path = KafkaRefreshControl.m; sourceTree = "<group>"; };
		983A08ED201AB89900AEF743 /* KafkaRefreshProtocol.h */ = {isa = PBXFileReference; fileEncoding = 4; lastKnownFileType = sourcecode.c.h; path = KafkaRefreshProtocol.h; sourceTree = "<group>"; };
		983A08EE201AB89900AEF743 /* UIScrollView+KafkaRefreshControl.h */ = {isa = PBXFileReference; fileEncoding = 4; lastKnownFileType = sourcecode.c.h; path = "UIScrollView+KafkaRefreshControl.h"; sourceTree = "<group>"; };
		983A08EF201AB89900AEF743 /* UIScrollView+KafkaRefreshControl.m */ = {isa = PBXFileReference; fileEncoding = 4; lastKnownFileType = sourcecode.c.objc; path = "UIScrollView+KafkaRefreshControl.m"; sourceTree = "<group>"; };
		983A08F1201AB89900AEF743 /* KafkaRefreshDefaults.h */ = {isa = PBXFileReference; fileEncoding = 4; lastKnownFileType = sourcecode.c.h; path = KafkaRefreshDefaults.h; sourceTree = "<group>"; };
		983A08F2201AB89900AEF743 /* KafkaRefreshDefaults.m */ = {isa = PBXFileReference; fileEncoding = 4; lastKnownFileType = sourcecode.c.objc; path = KafkaRefreshDefaults.m; sourceTree = "<group>"; };
		983A08F3201AB89900AEF743 /* KafkaRefresh.h */ = {isa = PBXFileReference; fileEncoding = 4; lastKnownFileType = sourcecode.c.h; path = KafkaRefresh.h; sourceTree = "<group>"; };
		983A08F5201AB89900AEF743 /* Image.bundle */ = {isa = PBXFileReference; lastKnownFileType = "wrapper.plug-in"; path = Image.bundle; sourceTree = "<group>"; };
		983A08F7201AB89900AEF743 /* KafkaRefreshStyle.h */ = {isa = PBXFileReference; fileEncoding = 4; lastKnownFileType = sourcecode.c.h; path = KafkaRefreshStyle.h; sourceTree = "<group>"; };
		983A08FA201AB89900AEF743 /* KafkaArrowFooter.h */ = {isa = PBXFileReference; fileEncoding = 4; lastKnownFileType = sourcecode.c.h; path = KafkaArrowFooter.h; sourceTree = "<group>"; };
		983A08FB201AB89900AEF743 /* KafkaArrowFooter.m */ = {isa = PBXFileReference; fileEncoding = 4; lastKnownFileType = sourcecode.c.objc; path = KafkaArrowFooter.m; sourceTree = "<group>"; };
		983A08FC201AB89900AEF743 /* KafkaNativeFooter.h */ = {isa = PBXFileReference; fileEncoding = 4; lastKnownFileType = sourcecode.c.h; path = KafkaNativeFooter.h; sourceTree = "<group>"; };
		983A08FD201AB89900AEF743 /* KafkaNativeFooter.m */ = {isa = PBXFileReference; fileEncoding = 4; lastKnownFileType = sourcecode.c.objc; path = KafkaNativeFooter.m; sourceTree = "<group>"; };
		983A08FE201AB89900AEF743 /* KafkaReplicatorFooter.h */ = {isa = PBXFileReference; fileEncoding = 4; lastKnownFileType = sourcecode.c.h; path = KafkaReplicatorFooter.h; sourceTree = "<group>"; };
		983A08FF201AB89900AEF743 /* KafkaReplicatorFooter.m */ = {isa = PBXFileReference; fileEncoding = 4; lastKnownFileType = sourcecode.c.objc; path = KafkaReplicatorFooter.m; sourceTree = "<group>"; };
		983A0900201AB89900AEF743 /* KafkaRingIndicatorFooter.h */ = {isa = PBXFileReference; fileEncoding = 4; lastKnownFileType = sourcecode.c.h; path = KafkaRingIndicatorFooter.h; sourceTree = "<group>"; };
		983A0901201AB89900AEF743 /* KafkaRingIndicatorFooter.m */ = {isa = PBXFileReference; fileEncoding = 4; lastKnownFileType = sourcecode.c.objc; path = KafkaRingIndicatorFooter.m; sourceTree = "<group>"; };
		983A0903201AB89900AEF743 /* KafkaArrowHeader.h */ = {isa = PBXFileReference; fileEncoding = 4; lastKnownFileType = sourcecode.c.h; path = KafkaArrowHeader.h; sourceTree = "<group>"; };
		983A0904201AB89900AEF743 /* KafkaArrowHeader.m */ = {isa = PBXFileReference; fileEncoding = 4; lastKnownFileType = sourcecode.c.objc; path = KafkaArrowHeader.m; sourceTree = "<group>"; };
		983A0905201AB89900AEF743 /* KafkaNativeHeader.h */ = {isa = PBXFileReference; fileEncoding = 4; lastKnownFileType = sourcecode.c.h; path = KafkaNativeHeader.h; sourceTree = "<group>"; };
		983A0906201AB89900AEF743 /* KafkaNativeHeader.m */ = {isa = PBXFileReference; fileEncoding = 4; lastKnownFileType = sourcecode.c.objc; path = KafkaNativeHeader.m; sourceTree = "<group>"; };
		983A0907201AB89900AEF743 /* KafkaReplicatorHeader.h */ = {isa = PBXFileReference; fileEncoding = 4; lastKnownFileType = sourcecode.c.h; path = KafkaReplicatorHeader.h; sourceTree = "<group>"; };
		983A0908201AB89900AEF743 /* KafkaReplicatorHeader.m */ = {isa = PBXFileReference; fileEncoding = 4; lastKnownFileType = sourcecode.c.objc; path = KafkaReplicatorHeader.m; sourceTree = "<group>"; };
		983A0909201AB89900AEF743 /* KafkaRingIndicatorHeader.h */ = {isa = PBXFileReference; fileEncoding = 4; lastKnownFileType = sourcecode.c.h; path = KafkaRingIndicatorHeader.h; sourceTree = "<group>"; };
		983A090A201AB89900AEF743 /* KafkaRingIndicatorHeader.m */ = {isa = PBXFileReference; fileEncoding = 4; lastKnownFileType = sourcecode.c.objc; path = KafkaRingIndicatorHeader.m; sourceTree = "<group>"; };
		983A090C201AB89900AEF743 /* KafkaAnimatableProtocol.h */ = {isa = PBXFileReference; fileEncoding = 4; lastKnownFileType = sourcecode.c.h; path = KafkaAnimatableProtocol.h; sourceTree = "<group>"; };
		983A090D201AB89900AEF743 /* KafkaArcLayer.h */ = {isa = PBXFileReference; fileEncoding = 4; lastKnownFileType = sourcecode.c.h; path = KafkaArcLayer.h; sourceTree = "<group>"; };
		983A090E201AB89900AEF743 /* KafkaArcLayer.m */ = {isa = PBXFileReference; fileEncoding = 4; lastKnownFileType = sourcecode.c.objc; path = KafkaArcLayer.m; sourceTree = "<group>"; };
		983A090F201AB89900AEF743 /* KafkaReplicatorLayer.h */ = {isa = PBXFileReference; fileEncoding = 4; lastKnownFileType = sourcecode.c.h; path = KafkaReplicatorLayer.h; sourceTree = "<group>"; };
		983A0910201AB89900AEF743 /* KafkaReplicatorLayer.m */ = {isa = PBXFileReference; fileEncoding = 4; lastKnownFileType = sourcecode.c.objc; path = KafkaReplicatorLayer.m; sourceTree = "<group>"; };
		986ADD681FEF6DA8006575E7 /* KafkaMainListController.h */ = {isa = PBXFileReference; lastKnownFileType = sourcecode.c.h; path = KafkaMainListController.h; sourceTree = "<group>"; };
		986ADD691FEF6DA8006575E7 /* KafkaMainListController.m */ = {isa = PBXFileReference; lastKnownFileType = sourcecode.c.objc; path = KafkaMainListController.m; sourceTree = "<group>"; };
		986ADD961FF60DBB006575E7 /* KafkaTableViewController.h */ = {isa = PBXFileReference; lastKnownFileType = sourcecode.c.h; path = KafkaTableViewController.h; sourceTree = "<group>"; };
		986ADD971FF60DBB006575E7 /* KafkaTableViewController.m */ = {isa = PBXFileReference; lastKnownFileType = sourcecode.c.objc; path = KafkaTableViewController.m; sourceTree = "<group>"; };
		986ADD9B1FF60DDC006575E7 /* KafkaCollectionViewController.h */ = {isa = PBXFileReference; lastKnownFileType = sourcecode.c.h; path = KafkaCollectionViewController.h; sourceTree = "<group>"; };
		986ADD9C1FF60DDC006575E7 /* KafkaCollectionViewController.m */ = {isa = PBXFileReference; lastKnownFileType = sourcecode.c.objc; path = KafkaCollectionViewController.m; sourceTree = "<group>"; };
		98766F3F1FFC68DB00CC3DD0 /* KafkaCustomTableViewController.h */ = {isa = PBXFileReference; lastKnownFileType = sourcecode.c.h; path = KafkaCustomTableViewController.h; sourceTree = "<group>"; };
		98766F401FFC68DB00CC3DD0 /* KafkaCustomTableViewController.m */ = {isa = PBXFileReference; lastKnownFileType = sourcecode.c.objc; path = KafkaCustomTableViewController.m; sourceTree = "<group>"; };
		98A9850E20246633000FD3E8 /* en */ = {isa = PBXFileReference; lastKnownFileType = text.plist.strings; name = en; path = en.lproj/InfoPlist.strings; sourceTree = "<group>"; };
		98A9851020246663000FD3E8 /* zh-Hans */ = {isa = PBXFileReference; lastKnownFileType = text.plist.strings; name = "zh-Hans"; path = "zh-Hans.lproj/InfoPlist.strings"; sourceTree = "<group>"; };
		98C2F8651FEF6AB50039C749 /* KafkaExample.app */ = {isa = PBXFileReference; explicitFileType = wrapper.application; includeInIndex = 0; path = KafkaExample.app; sourceTree = BUILT_PRODUCTS_DIR; };
		98C2F8681FEF6AB50039C749 /* KafkaAppDelegate.h */ = {isa = PBXFileReference; lastKnownFileType = sourcecode.c.h; path = KafkaAppDelegate.h; sourceTree = "<group>"; };
		98C2F8691FEF6AB50039C749 /* KafkaAppDelegate.m */ = {isa = PBXFileReference; lastKnownFileType = sourcecode.c.objc; path = KafkaAppDelegate.m; sourceTree = "<group>"; };
		98C2F86F1FEF6AB50039C749 /* Base */ = {isa = PBXFileReference; lastKnownFileType = file.storyboard; name = Base; path = Base.lproj/Main.storyboard; sourceTree = "<group>"; };
		98C2F8711FEF6AB50039C749 /* Assets.xcassets */ = {isa = PBXFileReference; lastKnownFileType = folder.assetcatalog; path = Assets.xcassets; sourceTree = "<group>"; };
		98C2F8761FEF6AB50039C749 /* Info.plist */ = {isa = PBXFileReference; lastKnownFileType = text.plist.xml; path = Info.plist; sourceTree = "<group>"; };
		98C2F8771FEF6AB50039C749 /* main.m */ = {isa = PBXFileReference; lastKnownFileType = sourcecode.c.objc; path = main.m; sourceTree = "<group>"; };
		98D2C0A72005F65000F1532F /* KafkaExampleUITests.xctest */ = {isa = PBXFileReference; explicitFileType = wrapper.cfbundle; includeInIndex = 0; path = KafkaExampleUITests.xctest; sourceTree = BUILT_PRODUCTS_DIR; };
		98D2C0A92005F65000F1532F /* KafkaExampleUITests.m */ = {isa = PBXFileReference; lastKnownFileType = sourcecode.c.objc; path = KafkaExampleUITests.m; sourceTree = "<group>"; };
		98D2C0AB2005F65000F1532F /* Info.plist */ = {isa = PBXFileReference; lastKnownFileType = text.plist.xml; path = Info.plist; sourceTree = "<group>"; };
		98D2C0B52005F67400F1532F /* KafkaExampleTests.xctest */ = {isa = PBXFileReference; explicitFileType = wrapper.cfbundle; includeInIndex = 0; path = KafkaExampleTests.xctest; sourceTree = BUILT_PRODUCTS_DIR; };
		98D2C0B72005F67400F1532F /* KafkaExampleTests.m */ = {isa = PBXFileReference; lastKnownFileType = sourcecode.c.objc; path = KafkaExampleTests.m; sourceTree = "<group>"; };
		98D2C0B92005F67400F1532F /* Info.plist */ = {isa = PBXFileReference; lastKnownFileType = text.plist.xml; path = Info.plist; sourceTree = "<group>"; };
		B946B97120E67F4C00481872 /* KafkaCategories.h */ = {isa = PBXFileReference; lastKnownFileType = sourcecode.c.h; path = KafkaCategories.h; sourceTree = "<group>"; };
		B946B97220E67F4C00481872 /* KafkaCategories.m */ = {isa = PBXFileReference; lastKnownFileType = sourcecode.c.objc; path = KafkaCategories.m; sourceTree = "<group>"; };
		B97F4C39227C5D17004C6A71 /* KafkaScrollViewController.h */ = {isa = PBXFileReference; lastKnownFileType = sourcecode.c.h; path = KafkaScrollViewController.h; sourceTree = "<group>"; };
		B97F4C3A227C5D17004C6A71 /* KafkaScrollViewController.m */ = {isa = PBXFileReference; lastKnownFileType = sourcecode.c.objc; path = KafkaScrollViewController.m; sourceTree = "<group>"; };
/* End PBXFileReference section */

/* Begin PBXFrameworksBuildPhase section */
		98C2F8621FEF6AB50039C749 /* Frameworks */ = {
			isa = PBXFrameworksBuildPhase;
			buildActionMask = 2147483647;
			files = (
			);
			runOnlyForDeploymentPostprocessing = 0;
		};
		98D2C0A42005F65000F1532F /* Frameworks */ = {
			isa = PBXFrameworksBuildPhase;
			buildActionMask = 2147483647;
			files = (
			);
			runOnlyForDeploymentPostprocessing = 0;
		};
		98D2C0B22005F67400F1532F /* Frameworks */ = {
			isa = PBXFrameworksBuildPhase;
			buildActionMask = 2147483647;
			files = (
			);
			runOnlyForDeploymentPostprocessing = 0;
		};
/* End PBXFrameworksBuildPhase section */

/* Begin PBXGroup section */
		983A08D9201AB89900AEF743 /* KafkaRefresh */ = {
			isa = PBXGroup;
			children = (
				983A08DA201AB89900AEF743 /* Category */,
				983A08E3201AB89900AEF743 /* Configuration */,
				983A08E6201AB89900AEF743 /* Core */,
				983A08F0201AB89900AEF743 /* Default */,
				983A08F3201AB89900AEF743 /* KafkaRefresh.h */,
				983A08F4201AB89900AEF743 /* Resource */,
				983A08F6201AB89900AEF743 /* Style */,
				983A08F8201AB89900AEF743 /* UIKit */,
			);
			name = KafkaRefresh;
			path = ../KafkaRefresh;
			sourceTree = "<group>";
		};
		983A08DA201AB89900AEF743 /* Category */ = {
			isa = PBXGroup;
			children = (
				B946B97120E67F4C00481872 /* KafkaCategories.h */,
				B946B97220E67F4C00481872 /* KafkaCategories.m */,
			);
			path = Category;
			sourceTree = "<group>";
		};
		983A08E3201AB89900AEF743 /* Configuration */ = {
			isa = PBXGroup;
			children = (
				983A08E4201AB89900AEF743 /* UIScrollView+KafkaConfiguration.h */,
				983A08E5201AB89900AEF743 /* UIScrollView+KafkaConfiguration.m */,
			);
			path = Configuration;
			sourceTree = "<group>";
		};
		983A08E6201AB89900AEF743 /* Core */ = {
			isa = PBXGroup;
			children = (
				983A08E7201AB89900AEF743 /* KafkaFootRefreshControl.h */,
				983A08E8201AB89900AEF743 /* KafkaFootRefreshControl.m */,
				983A08E9201AB89900AEF743 /* KafkaHeadRefreshControl.h */,
				983A08EA201AB89900AEF743 /* KafkaHeadRefreshControl.m */,
				983A08EB201AB89900AEF743 /* KafkaRefreshControl.h */,
				983A08EC201AB89900AEF743 /* KafkaRefreshControl.m */,
				983A08ED201AB89900AEF743 /* KafkaRefreshProtocol.h */,
				983A08EE201AB89900AEF743 /* UIScrollView+KafkaRefreshControl.h */,
				983A08EF201AB89900AEF743 /* UIScrollView+KafkaRefreshControl.m */,
			);
			path = Core;
			sourceTree = "<group>";
		};
		983A08F0201AB89900AEF743 /* Default */ = {
			isa = PBXGroup;
			children = (
				983A08F1201AB89900AEF743 /* KafkaRefreshDefaults.h */,
				983A08F2201AB89900AEF743 /* KafkaRefreshDefaults.m */,
			);
			path = Default;
			sourceTree = "<group>";
		};
		983A08F4201AB89900AEF743 /* Resource */ = {
			isa = PBXGroup;
			children = (
				983A08F5201AB89900AEF743 /* Image.bundle */,
			);
			path = Resource;
			sourceTree = "<group>";
		};
		983A08F6201AB89900AEF743 /* Style */ = {
			isa = PBXGroup;
			children = (
				983A08F7201AB89900AEF743 /* KafkaRefreshStyle.h */,
			);
			path = Style;
			sourceTree = "<group>";
		};
		983A08F8201AB89900AEF743 /* UIKit */ = {
			isa = PBXGroup;
			children = (
				983A08F9201AB89900AEF743 /* FootKit */,
				983A0902201AB89900AEF743 /* HeadKit */,
				983A090B201AB89900AEF743 /* LayerKit */,
			);
			path = UIKit;
			sourceTree = "<group>";
		};
		983A08F9201AB89900AEF743 /* FootKit */ = {
			isa = PBXGroup;
			children = (
				983A08FA201AB89900AEF743 /* KafkaArrowFooter.h */,
				983A08FB201AB89900AEF743 /* KafkaArrowFooter.m */,
				983A08FC201AB89900AEF743 /* KafkaNativeFooter.h */,
				983A08FD201AB89900AEF743 /* KafkaNativeFooter.m */,
				983A08FE201AB89900AEF743 /* KafkaReplicatorFooter.h */,
				983A08FF201AB89900AEF743 /* KafkaReplicatorFooter.m */,
				983A0900201AB89900AEF743 /* KafkaRingIndicatorFooter.h */,
				983A0901201AB89900AEF743 /* KafkaRingIndicatorFooter.m */,
			);
			path = FootKit;
			sourceTree = "<group>";
		};
		983A0902201AB89900AEF743 /* HeadKit */ = {
			isa = PBXGroup;
			children = (
				983A0903201AB89900AEF743 /* KafkaArrowHeader.h */,
				983A0904201AB89900AEF743 /* KafkaArrowHeader.m */,
				983A0905201AB89900AEF743 /* KafkaNativeHeader.h */,
				983A0906201AB89900AEF743 /* KafkaNativeHeader.m */,
				983A0907201AB89900AEF743 /* KafkaReplicatorHeader.h */,
				983A0908201AB89900AEF743 /* KafkaReplicatorHeader.m */,
				983A0909201AB89900AEF743 /* KafkaRingIndicatorHeader.h */,
				983A090A201AB89900AEF743 /* KafkaRingIndicatorHeader.m */,
			);
			path = HeadKit;
			sourceTree = "<group>";
		};
		983A090B201AB89900AEF743 /* LayerKit */ = {
			isa = PBXGroup;
			children = (
				983A090C201AB89900AEF743 /* KafkaAnimatableProtocol.h */,
				983A090D201AB89900AEF743 /* KafkaArcLayer.h */,
				983A090E201AB89900AEF743 /* KafkaArcLayer.m */,
				983A090F201AB89900AEF743 /* KafkaReplicatorLayer.h */,
				983A0910201AB89900AEF743 /* KafkaReplicatorLayer.m */,
			);
			path = LayerKit;
			sourceTree = "<group>";
		};
		986ADD661FEF6CE1006575E7 /* Controllers */ = {
			isa = PBXGroup;
			children = (
				986ADD681FEF6DA8006575E7 /* KafkaMainListController.h */,
				986ADD691FEF6DA8006575E7 /* KafkaMainListController.m */,
				986ADD961FF60DBB006575E7 /* KafkaTableViewController.h */,
				986ADD971FF60DBB006575E7 /* KafkaTableViewController.m */,
				986ADD9B1FF60DDC006575E7 /* KafkaCollectionViewController.h */,
				986ADD9C1FF60DDC006575E7 /* KafkaCollectionViewController.m */,
				98766F3F1FFC68DB00CC3DD0 /* KafkaCustomTableViewController.h */,
				98766F401FFC68DB00CC3DD0 /* KafkaCustomTableViewController.m */,
				B97F4C39227C5D17004C6A71 /* KafkaScrollViewController.h */,
				B97F4C3A227C5D17004C6A71 /* KafkaScrollViewController.m */,
			);
			path = Controllers;
			sourceTree = "<group>";
		};
		98C2F85C1FEF6AB50039C749 = {
			isa = PBXGroup;
			children = (
				983A08D9201AB89900AEF743 /* KafkaRefresh */,
				98C2F8671FEF6AB50039C749 /* KafkaExample */,
				98D2C0A82005F65000F1532F /* KafkaExampleUITests */,
				98D2C0B62005F67400F1532F /* KafkaExampleTests */,
				98C2F8661FEF6AB50039C749 /* Products */,
				9FA2E74816392184BA6E16A9 /* Frameworks */,
			);
			sourceTree = "<group>";
		};
		98C2F8661FEF6AB50039C749 /* Products */ = {
			isa = PBXGroup;
			children = (
				98C2F8651FEF6AB50039C749 /* KafkaExample.app */,
				98D2C0A72005F65000F1532F /* KafkaExampleUITests.xctest */,
				98D2C0B52005F67400F1532F /* KafkaExampleTests.xctest */,
			);
			name = Products;
			sourceTree = "<group>";
		};
		98C2F8671FEF6AB50039C749 /* KafkaExample */ = {
			isa = PBXGroup;
			children = (
				98C2F8681FEF6AB50039C749 /* KafkaAppDelegate.h */,
				98C2F8691FEF6AB50039C749 /* KafkaAppDelegate.m */,
				986ADD661FEF6CE1006575E7 /* Controllers */,
				98C2F86E1FEF6AB50039C749 /* Main.storyboard */,
				98C2F8711FEF6AB50039C749 /* Assets.xcassets */,
				98C2F8761FEF6AB50039C749 /* Info.plist */,
				98A9850F20246633000FD3E8 /* InfoPlist.strings */,
				98C2F8771FEF6AB50039C749 /* main.m */,
			);
			path = KafkaExample;
			sourceTree = "<group>";
		};
		98D2C0A82005F65000F1532F /* KafkaExampleUITests */ = {
			isa = PBXGroup;
			children = (
				98D2C0A92005F65000F1532F /* KafkaExampleUITests.m */,
				98D2C0AB2005F65000F1532F /* Info.plist */,
			);
			path = KafkaExampleUITests;
			sourceTree = "<group>";
		};
		98D2C0B62005F67400F1532F /* KafkaExampleTests */ = {
			isa = PBXGroup;
			children = (
				98D2C0B72005F67400F1532F /* KafkaExampleTests.m */,
				98D2C0B92005F67400F1532F /* Info.plist */,
			);
			path = KafkaExampleTests;
			sourceTree = "<group>";
		};
		9FA2E74816392184BA6E16A9 /* Frameworks */ = {
			isa = PBXGroup;
			children = (
			);
			name = Frameworks;
			sourceTree = "<group>";
		};
/* End PBXGroup section */

/* Begin PBXNativeTarget section */
		98C2F8641FEF6AB50039C749 /* KafkaExample */ = {
			isa = PBXNativeTarget;
			buildConfigurationList = 98C2F87B1FEF6AB50039C749 /* Build configuration list for PBXNativeTarget "KafkaExample" */;
			buildPhases = (
				98C2F8611FEF6AB50039C749 /* Sources */,
				98C2F8621FEF6AB50039C749 /* Frameworks */,
				98C2F8631FEF6AB50039C749 /* Resources */,
			);
			buildRules = (
			);
			dependencies = (
			);
			name = KafkaExample;
			productName = KafkaExample;
			productReference = 98C2F8651FEF6AB50039C749 /* KafkaExample.app */;
			productType = "com.apple.product-type.application";
		};
		98D2C0A62005F65000F1532F /* KafkaExampleUITests */ = {
			isa = PBXNativeTarget;
			buildConfigurationList = 98D2C0B02005F65000F1532F /* Build configuration list for PBXNativeTarget "KafkaExampleUITests" */;
			buildPhases = (
				98D2C0A32005F65000F1532F /* Sources */,
				98D2C0A42005F65000F1532F /* Frameworks */,
				98D2C0A52005F65000F1532F /* Resources */,
			);
			buildRules = (
			);
			dependencies = (
				98D2C0AD2005F65000F1532F /* PBXTargetDependency */,
			);
			name = KafkaExampleUITests;
			productName = KafkaExampleUITests;
			productReference = 98D2C0A72005F65000F1532F /* KafkaExampleUITests.xctest */;
			productType = "com.apple.product-type.bundle.ui-testing";
		};
		98D2C0B42005F67400F1532F /* KafkaExampleTests */ = {
			isa = PBXNativeTarget;
			buildConfigurationList = 98D2C0BC2005F67400F1532F /* Build configuration list for PBXNativeTarget "KafkaExampleTests" */;
			buildPhases = (
				98D2C0B12005F67400F1532F /* Sources */,
				98D2C0B22005F67400F1532F /* Frameworks */,
				98D2C0B32005F67400F1532F /* Resources */,
			);
			buildRules = (
			);
			dependencies = (
				98D2C0BB2005F67400F1532F /* PBXTargetDependency */,
			);
			name = KafkaExampleTests;
			productName = KafkaExampleTests;
			productReference = 98D2C0B52005F67400F1532F /* KafkaExampleTests.xctest */;
			productType = "com.apple.product-type.bundle.unit-test";
		};
/* End PBXNativeTarget section */

/* Begin PBXProject section */
		98C2F85D1FEF6AB50039C749 /* Project object */ = {
			isa = PBXProject;
			attributes = {
				LastUpgradeCheck = 0910;
				ORGANIZATIONNAME = Kinx;
				TargetAttributes = {
					98C2F8641FEF6AB50039C749 = {
						CreatedOnToolsVersion = 9.1;
						ProvisioningStyle = Automatic;
					};
					98D2C0A62005F65000F1532F = {
						CreatedOnToolsVersion = 9.1;
						ProvisioningStyle = Automatic;
						TestTargetID = 98C2F8641FEF6AB50039C749;
					};
					98D2C0B42005F67400F1532F = {
						CreatedOnToolsVersion = 9.1;
						ProvisioningStyle = Automatic;
						TestTargetID = 98C2F8641FEF6AB50039C749;
					};
				};
			};
			buildConfigurationList = 98C2F8601FEF6AB50039C749 /* Build configuration list for PBXProject "KafkaExample" */;
			compatibilityVersion = "Xcode 8.0";
			developmentRegion = en;
			hasScannedForEncodings = 0;
			knownRegions = (
				en,
				Base,
				"zh-Hans",
			);
			mainGroup = 98C2F85C1FEF6AB50039C749;
			productRefGroup = 98C2F8661FEF6AB50039C749 /* Products */;
			projectDirPath = "";
			projectRoot = "";
			targets = (
				98C2F8641FEF6AB50039C749 /* KafkaExample */,
				98D2C0A62005F65000F1532F /* KafkaExampleUITests */,
				98D2C0B42005F67400F1532F /* KafkaExampleTests */,
			);
		};
/* End PBXProject section */

/* Begin PBXResourcesBuildPhase section */
		98C2F8631FEF6AB50039C749 /* Resources */ = {
			isa = PBXResourcesBuildPhase;
			buildActionMask = 2147483647;
			files = (
				983A091B201AB89900AEF743 /* Image.bundle in Resources */,
				98A9850D20246633000FD3E8 /* InfoPlist.strings in Resources */,
				98C2F8721FEF6AB50039C749 /* Assets.xcassets in Resources */,
				98C2F8701FEF6AB50039C749 /* Main.storyboard in Resources */,
			);
			runOnlyForDeploymentPostprocessing = 0;
		};
		98D2C0A52005F65000F1532F /* Resources */ = {
			isa = PBXResourcesBuildPhase;
			buildActionMask = 2147483647;
			files = (
			);
			runOnlyForDeploymentPostprocessing = 0;
		};
		98D2C0B32005F67400F1532F /* Resources */ = {
			isa = PBXResourcesBuildPhase;
			buildActionMask = 2147483647;
			files = (
			);
			runOnlyForDeploymentPostprocessing = 0;
		};
/* End PBXResourcesBuildPhase section */

/* Begin PBXSourcesBuildPhase section */
		98C2F8611FEF6AB50039C749 /* Sources */ = {
			isa = PBXSourcesBuildPhase;
			buildActionMask = 2147483647;
			files = (
				98C2F8781FEF6AB50039C749 /* main.m in Sources */,
				983A0923201AB89900AEF743 /* KafkaRingIndicatorHeader.m in Sources */,
				983A0919201AB89900AEF743 /* UIScrollView+KafkaRefreshControl.m in Sources */,
				983A0921201AB89900AEF743 /* KafkaNativeHeader.m in Sources */,
				983A0917201AB89900AEF743 /* KafkaHeadRefreshControl.m in Sources */,
				983A0916201AB89900AEF743 /* KafkaFootRefreshControl.m in Sources */,
				B946B97320E67F4C00481872 /* KafkaCategories.m in Sources */,
				983A0915201AB89900AEF743 /* UIScrollView+KafkaConfiguration.m in Sources */,
				983A0924201AB89900AEF743 /* KafkaArcLayer.m in Sources */,
				983A091C201AB89900AEF743 /* KafkaArrowFooter.m in Sources */,
				983A091A201AB89900AEF743 /* KafkaRefreshDefaults.m in Sources */,
				983A0918201AB89900AEF743 /* KafkaRefreshControl.m in Sources */,
				983A0925201AB89900AEF743 /* KafkaReplicatorLayer.m in Sources */,
				983A091D201AB89900AEF743 /* KafkaNativeFooter.m in Sources */,
				983A091F201AB89900AEF743 /* KafkaRingIndicatorFooter.m in Sources */,
				98C2F86A1FEF6AB50039C749 /* KafkaAppDelegate.m in Sources */,
				983A0922201AB89900AEF743 /* KafkaReplicatorHeader.m in Sources */,
				983A091E201AB89900AEF743 /* KafkaReplicatorFooter.m in Sources */,
				B97F4C3B227C5D17004C6A71 /* KafkaScrollViewController.m in Sources */,
				986ADD9E1FF60DDC006575E7 /* KafkaCollectionViewController.m in Sources */,
				986ADD6A1FEF6DA8006575E7 /* KafkaMainListController.m in Sources */,
				983A0920201AB89900AEF743 /* KafkaArrowHeader.m in Sources */,
				98766F411FFC68DB00CC3DD0 /* KafkaCustomTableViewController.m in Sources */,
				986ADD991FF60DBB006575E7 /* KafkaTableViewController.m in Sources */,
			);
			runOnlyForDeploymentPostprocessing = 0;
		};
		98D2C0A32005F65000F1532F /* Sources */ = {
			isa = PBXSourcesBuildPhase;
			buildActionMask = 2147483647;
			files = (
				98D2C0AA2005F65000F1532F /* KafkaExampleUITests.m in Sources */,
			);
			runOnlyForDeploymentPostprocessing = 0;
		};
		98D2C0B12005F67400F1532F /* Sources */ = {
			isa = PBXSourcesBuildPhase;
			buildActionMask = 2147483647;
			files = (
				98D2C0B82005F67400F1532F /* KafkaExampleTests.m in Sources */,
			);
			runOnlyForDeploymentPostprocessing = 0;
		};
/* End PBXSourcesBuildPhase section */

/* Begin PBXTargetDependency section */
		98D2C0AD2005F65000F1532F /* PBXTargetDependency */ = {
			isa = PBXTargetDependency;
			target = 98C2F8641FEF6AB50039C749 /* KafkaExample */;
			targetProxy = 98D2C0AC2005F65000F1532F /* PBXContainerItemProxy */;
		};
		98D2C0BB2005F67400F1532F /* PBXTargetDependency */ = {
			isa = PBXTargetDependency;
			target = 98C2F8641FEF6AB50039C749 /* KafkaExample */;
			targetProxy = 98D2C0BA2005F67400F1532F /* PBXContainerItemProxy */;
		};
/* End PBXTargetDependency section */

/* Begin PBXVariantGroup section */
		98A9850F20246633000FD3E8 /* InfoPlist.strings */ = {
			isa = PBXVariantGroup;
			children = (
				98A9850E20246633000FD3E8 /* en */,
				98A9851020246663000FD3E8 /* zh-Hans */,
			);
			name = InfoPlist.strings;
			sourceTree = "<group>";
		};
		98C2F86E1FEF6AB50039C749 /* Main.storyboard */ = {
			isa = PBXVariantGroup;
			children = (
				98C2F86F1FEF6AB50039C749 /* Base */,
			);
			name = Main.storyboard;
			sourceTree = "<group>";
		};
/* End PBXVariantGroup section */

/* Begin XCBuildConfiguration section */
		98C2F8791FEF6AB50039C749 /* Debug */ = {
			isa = XCBuildConfiguration;
			buildSettings = {
				ALWAYS_SEARCH_USER_PATHS = NO;
				CLANG_ANALYZER_LOCALIZABILITY_NONLOCALIZED = YES;
				CLANG_ANALYZER_NONNULL = YES;
				CLANG_ANALYZER_NUMBER_OBJECT_CONVERSION = YES_AGGRESSIVE;
				CLANG_CXX_LANGUAGE_STANDARD = "gnu++14";
				CLANG_CXX_LIBRARY = "libc++";
				CLANG_ENABLE_MODULES = YES;
				CLANG_ENABLE_OBJC_ARC = YES;
				CLANG_WARN_BLOCK_CAPTURE_AUTORELEASING = YES;
				CLANG_WARN_BOOL_CONVERSION = YES;
				CLANG_WARN_COMMA = YES;
				CLANG_WARN_CONSTANT_CONVERSION = YES;
				CLANG_WARN_DIRECT_OBJC_ISA_USAGE = YES_ERROR;
				CLANG_WARN_DOCUMENTATION_COMMENTS = YES;
				CLANG_WARN_EMPTY_BODY = YES;
				CLANG_WARN_ENUM_CONVERSION = YES;
				CLANG_WARN_INFINITE_RECURSION = YES;
				CLANG_WARN_INT_CONVERSION = YES;
				CLANG_WARN_NON_LITERAL_NULL_CONVERSION = YES;
				CLANG_WARN_OBJC_LITERAL_CONVERSION = YES;
				CLANG_WARN_OBJC_ROOT_CLASS = YES_ERROR;
				CLANG_WARN_RANGE_LOOP_ANALYSIS = YES;
				CLANG_WARN_STRICT_PROTOTYPES = YES;
				CLANG_WARN_SUSPICIOUS_MOVE = YES;
				CLANG_WARN_UNGUARDED_AVAILABILITY = YES_AGGRESSIVE;
				CLANG_WARN_UNREACHABLE_CODE = YES;
				CLANG_WARN__DUPLICATE_METHOD_MATCH = YES;
				CODE_SIGN_IDENTITY = "iPhone Developer";
				COPY_PHASE_STRIP = NO;
				DEBUG_INFORMATION_FORMAT = dwarf;
				ENABLE_STRICT_OBJC_MSGSEND = YES;
				ENABLE_TESTABILITY = YES;
				GCC_C_LANGUAGE_STANDARD = gnu11;
				GCC_DYNAMIC_NO_PIC = NO;
				GCC_NO_COMMON_BLOCKS = YES;
				GCC_OPTIMIZATION_LEVEL = 0;
				GCC_PREPROCESSOR_DEFINITIONS = (
					"DEBUG=1",
					"$(inherited)",
				);
				GCC_WARN_64_TO_32_BIT_CONVERSION = YES;
				GCC_WARN_ABOUT_RETURN_TYPE = YES_ERROR;
				GCC_WARN_UNDECLARED_SELECTOR = YES;
				GCC_WARN_UNINITIALIZED_AUTOS = YES_AGGRESSIVE;
				GCC_WARN_UNUSED_FUNCTION = YES;
				GCC_WARN_UNUSED_VARIABLE = YES;
				IPHONEOS_DEPLOYMENT_TARGET = 11.1;
				MTL_ENABLE_DEBUG_INFO = YES;
				ONLY_ACTIVE_ARCH = YES;
				SDKROOT = iphoneos;
			};
			name = Debug;
		};
		98C2F87A1FEF6AB50039C749 /* Release */ = {
			isa = XCBuildConfiguration;
			buildSettings = {
				ALWAYS_SEARCH_USER_PATHS = NO;
				CLANG_ANALYZER_LOCALIZABILITY_NONLOCALIZED = YES;
				CLANG_ANALYZER_NONNULL = YES;
				CLANG_ANALYZER_NUMBER_OBJECT_CONVERSION = YES_AGGRESSIVE;
				CLANG_CXX_LANGUAGE_STANDARD = "gnu++14";
				CLANG_CXX_LIBRARY = "libc++";
				CLANG_ENABLE_MODULES = YES;
				CLANG_ENABLE_OBJC_ARC = YES;
				CLANG_WARN_BLOCK_CAPTURE_AUTORELEASING = YES;
				CLANG_WARN_BOOL_CONVERSION = YES;
				CLANG_WARN_COMMA = YES;
				CLANG_WARN_CONSTANT_CONVERSION = YES;
				CLANG_WARN_DIRECT_OBJC_ISA_USAGE = YES_ERROR;
				CLANG_WARN_DOCUMENTATION_COMMENTS = YES;
				CLANG_WARN_EMPTY_BODY = YES;
				CLANG_WARN_ENUM_CONVERSION = YES;
				CLANG_WARN_INFINITE_RECURSION = YES;
				CLANG_WARN_INT_CONVERSION = YES;
				CLANG_WARN_NON_LITERAL_NULL_CONVERSION = YES;
				CLANG_WARN_OBJC_LITERAL_CONVERSION = YES;
				CLANG_WARN_OBJC_ROOT_CLASS = YES_ERROR;
				CLANG_WARN_RANGE_LOOP_ANALYSIS = YES;
				CLANG_WARN_STRICT_PROTOTYPES = YES;
				CLANG_WARN_SUSPICIOUS_MOVE = YES;
				CLANG_WARN_UNGUARDED_AVAILABILITY = YES_AGGRESSIVE;
				CLANG_WARN_UNREACHABLE_CODE = YES;
				CLANG_WARN__DUPLICATE_METHOD_MATCH = YES;
				CODE_SIGN_IDENTITY = "iPhone Developer";
				COPY_PHASE_STRIP = NO;
				DEBUG_INFORMATION_FORMAT = "dwarf-with-dsym";
				ENABLE_NS_ASSERTIONS = NO;
				ENABLE_STRICT_OBJC_MSGSEND = YES;
				GCC_C_LANGUAGE_STANDARD = gnu11;
				GCC_NO_COMMON_BLOCKS = YES;
				GCC_WARN_64_TO_32_BIT_CONVERSION = YES;
				GCC_WARN_ABOUT_RETURN_TYPE = YES_ERROR;
				GCC_WARN_UNDECLARED_SELECTOR = YES;
				GCC_WARN_UNINITIALIZED_AUTOS = YES_AGGRESSIVE;
				GCC_WARN_UNUSED_FUNCTION = YES;
				GCC_WARN_UNUSED_VARIABLE = YES;
				IPHONEOS_DEPLOYMENT_TARGET = 11.1;
				MTL_ENABLE_DEBUG_INFO = NO;
				SDKROOT = iphoneos;
				VALIDATE_PRODUCT = YES;
			};
			name = Release;
		};
		98C2F87C1FEF6AB50039C749 /* Debug */ = {
			isa = XCBuildConfiguration;
			buildSettings = {
				ASSETCATALOG_COMPILER_APPICON_NAME = AppIcon;
				ASSETCATALOG_COMPILER_LAUNCHIMAGE_NAME = LaunchImage;
				CODE_SIGN_STYLE = Automatic;
				DEVELOPMENT_TEAM = BUL3PX47WF;
				INFOPLIST_FILE = KafkaExample/Info.plist;
				IPHONEOS_DEPLOYMENT_TARGET = 8.0;
				LD_RUNPATH_SEARCH_PATHS = "$(inherited) @executable_path/Frameworks";
				PRODUCT_BUNDLE_IDENTIFIER = com.k.KafkaExample;
				PRODUCT_NAME = "$(TARGET_NAME)";
				TARGETED_DEVICE_FAMILY = "1,2";
			};
			name = Debug;
		};
		98C2F87D1FEF6AB50039C749 /* Release */ = {
			isa = XCBuildConfiguration;
			buildSettings = {
				ASSETCATALOG_COMPILER_APPICON_NAME = AppIcon;
				ASSETCATALOG_COMPILER_LAUNCHIMAGE_NAME = LaunchImage;
				CODE_SIGN_STYLE = Automatic;
				DEVELOPMENT_TEAM = BUL3PX47WF;
				INFOPLIST_FILE = KafkaExample/Info.plist;
				IPHONEOS_DEPLOYMENT_TARGET = 8.0;
				LD_RUNPATH_SEARCH_PATHS = "$(inherited) @executable_path/Frameworks";
				PRODUCT_BUNDLE_IDENTIFIER = com.k.KafkaExample;
				PRODUCT_NAME = "$(TARGET_NAME)";
				TARGETED_DEVICE_FAMILY = "1,2";
			};
			name = Release;
		};
		98D2C0AE2005F65000F1532F /* Debug */ = {
			isa = XCBuildConfiguration;
			buildSettings = {
				CODE_SIGN_STYLE = Automatic;
				DEVELOPMENT_TEAM = 2VZNLBR87Y;
				INFOPLIST_FILE = KafkaExampleUITests/Info.plist;
				LD_RUNPATH_SEARCH_PATHS = "$(inherited) @executable_path/Frameworks @loader_path/Frameworks";
				PRODUCT_BUNDLE_IDENTIFIER = com.k.KafkaExampleUITests;
				PRODUCT_NAME = "$(TARGET_NAME)";
				TARGETED_DEVICE_FAMILY = "1,2";
				TEST_TARGET_NAME = KafkaExample;
			};
			name = Debug;
		};
		98D2C0AF2005F65000F1532F /* Release */ = {
			isa = XCBuildConfiguration;
			buildSettings = {
				CODE_SIGN_STYLE = Automatic;
				DEVELOPMENT_TEAM = 2VZNLBR87Y;
				INFOPLIST_FILE = KafkaExampleUITests/Info.plist;
				LD_RUNPATH_SEARCH_PATHS = "$(inherited) @executable_path/Frameworks @loader_path/Frameworks";
				PRODUCT_BUNDLE_IDENTIFIER = com.k.KafkaExampleUITests;
				PRODUCT_NAME = "$(TARGET_NAME)";
				TARGETED_DEVICE_FAMILY = "1,2";
				TEST_TARGET_NAME = KafkaExample;
			};
			name = Release;
		};
		98D2C0BD2005F67400F1532F /* Debug */ = {
			isa = XCBuildConfiguration;
			buildSettings = {
				BUNDLE_LOADER = "$(TEST_HOST)";
				CODE_SIGN_STYLE = Automatic;
				DEVELOPMENT_TEAM = 2VZNLBR87Y;
				INFOPLIST_FILE = KafkaExampleTests/Info.plist;
				LD_RUNPATH_SEARCH_PATHS = "$(inherited) @executable_path/Frameworks @loader_path/Frameworks";
				PRODUCT_BUNDLE_IDENTIFIER = com.k.KafkaExampleTests;
				PRODUCT_NAME = "$(TARGET_NAME)";
				TARGETED_DEVICE_FAMILY = "1,2";
				TEST_HOST = "$(BUILT_PRODUCTS_DIR)/KafkaExample.app/KafkaExample";
			};
			name = Debug;
		};
		98D2C0BE2005F67400F1532F /* Release */ = {
			isa = XCBuildConfiguration;
			buildSettings = {
				BUNDLE_LOADER = "$(TEST_HOST)";
				CODE_SIGN_STYLE = Automatic;
				DEVELOPMENT_TEAM = 2VZNLBR87Y;
				INFOPLIST_FILE = KafkaExampleTests/Info.plist;
				LD_RUNPATH_SEARCH_PATHS = "$(inherited) @executable_path/Frameworks @loader_path/Frameworks";
				PRODUCT_BUNDLE_IDENTIFIER = com.k.KafkaExampleTests;
				PRODUCT_NAME = "$(TARGET_NAME)";
				TARGETED_DEVICE_FAMILY = "1,2";
				TEST_HOST = "$(BUILT_PRODUCTS_DIR)/KafkaExample.app/KafkaExample";
			};
			name = Release;
		};
/* End XCBuildConfiguration section */

/* Begin XCConfigurationList section */
		98C2F8601FEF6AB50039C749 /* Build configuration list for PBXProject "KafkaExample" */ = {
			isa = XCConfigurationList;
			buildConfigurations = (
				98C2F8791FEF6AB50039C749 /* Debug */,
				98C2F87A1FEF6AB50039C749 /* Release */,
			);
			defaultConfigurationIsVisible = 0;
			defaultConfigurationName = Release;
		};
		98C2F87B1FEF6AB50039C749 /* Build configuration list for PBXNativeTarget "KafkaExample" */ = {
			isa = XCConfigurationList;
			buildConfigurations = (
				98C2F87C1FEF6AB50039C749 /* Debug */,
				98C2F87D1FEF6AB50039C749 /* Release */,
			);
			defaultConfigurationIsVisible = 0;
			defaultConfigurationName = Release;
		};
		98D2C0B02005F65000F1532F /* Build configuration list for PBXNativeTarget "KafkaExampleUITests" */ = {
			isa = XCConfigurationList;
			buildConfigurations = (
				98D2C0AE2005F65000F1532F /* Debug */,
				98D2C0AF2005F65000F1532F /* Release */,
			);
			defaultConfigurationIsVisible = 0;
			defaultConfigurationName = Release;
		};
		98D2C0BC2005F67400F1532F /* Build configuration list for PBXNativeTarget "KafkaExampleTests" */ = {
			isa = XCConfigurationList;
			buildConfigurations = (
				98D2C0BD2005F67400F1532F /* Debug */,
				98D2C0BE2005F67400F1532F /* Release */,
			);
			defaultConfigurationIsVisible = 0;
			defaultConfigurationName = Release;
		};
/* End XCConfigurationList section */
	};
	rootObject = 98C2F85D1FEF6AB50039C749 /* Project object */;
}
