PODS:
  - KafkaRefresh (0.7.3):
    - KafkaRefresh/Category (= 0.7.3)
    - KafkaRefresh/Configuration (= 0.7.3)
    - KafkaRefresh/Core (= 0.7.3)
    - KafkaRefresh/Default (= 0.7.3)
    - KafkaRefresh/Style (= 0.7.3)
    - KafkaRefresh/UIKit (= 0.7.3)
  - KafkaRefresh/Category (0.7.3)
  - KafkaRefresh/Configuration (0.7.3):
    - KafkaRefresh/UIKit/FootKit
    - KafkaRefresh/UIKit/HeadKit
  - KafkaRefresh/Core (0.7.3):
    - KafkaRefresh/Category
  - KafkaRefresh/Default (0.7.3):
    - KafkaRefresh/Style
  - KafkaRefresh/Style (0.7.3)
  - KafkaRefresh/UIKit (0.7.3):
    - KafkaRefresh/UIKit/FootKit (= 0.7.3)
    - KafkaRefresh/UIKit/HeadKit (= 0.7.3)
    - KafkaRefresh/UIKit/LayerKit (= 0.7.3)
  - KafkaRefresh/UIKit/FootKit (0.7.3):
    - KafkaRefresh/Category
    - KafkaRefresh/Core
    - KafkaRefresh/Default
    - KafkaRefresh/Style
    - KafkaRefresh/UIKit/LayerKit
  - KafkaRefresh/UIKit/HeadKit (0.7.3):
    - KafkaRefresh/Category
    - KafkaRefresh/Core
    - KafkaRefresh/Default
    - KafkaRefresh/Style
    - KafkaRefresh/UIKit/LayerKit
  - KafkaRefresh/UIKit/LayerKit (0.7.3):
    - KafkaRefresh/Category

DEPENDENCIES:
  - KafkaRefresh

SPEC CHECKSUMS:
  KafkaRefresh: eac38108276a69d696ef43dc7fa3b355d2e78120

PODFILE CHECKSUM: 044dd473ca4acc97cd5ce970ab361e9daf46041f

COCOAPODS: 1.2.0
